
Microsoft Visual Studio Solution File, Format Version 12.00
# Visual Studio 2012
Project("{FAE04EC0-301F-11D3-BF4B-00C04F79EFBC}") = "Membus", "Membus\Membus.csproj", "{3DBE4537-1813-4DF4-A4A2-2AD56838DD17}"
EndProject
Project("{FAE04EC0-301F-11D3-BF4B-00C04F79EFBC}") = "Membus.Tests", "Membus.Tests\Membus.Tests.csproj", "{7022F4E3-C18B-43FF-A40E-14E008EF318F}"
EndProject
Global
	GlobalSection(SolutionConfigurationPlatforms) = preSolution
		Debug|Any CPU = Debug|Any CPU
		Release|Any CPU = Release|Any CPU
	EndGlobalSection
	GlobalSection(ProjectConfigurationPlatforms) = postSolution
		{3DBE4537-1813-4DF4-A4A2-2AD56838DD17}.Debug|Any CPU.ActiveCfg = Debug|Any CPU
		{3DBE4537-1813-4DF4-A4A2-2AD56838DD17}.Debug|Any CPU.Build.0 = Debug|Any CPU
		{3DBE4537-1813-4DF4-A4A2-2AD56838DD17}.Release|Any CPU.ActiveCfg = Release|Any CPU
		{3DBE4537-1813-4DF4-A4A2-2AD56838DD17}.Release|Any CPU.Build.0 = Release|Any CPU
		{7022F4E3-C18B-43FF-A40E-14E008EF318F}.Debug|Any CPU.ActiveCfg = Debug|Any CPU
		{7022F4E3-C18B-43FF-A40E-14E008EF318F}.Debug|Any CPU.Build.0 = Debug|Any CPU
		{7022F4E3-C18B-43FF-A40E-14E008EF318F}.Release|Any CPU.ActiveCfg = Release|Any CPU
		{7022F4E3-C18B-43FF-A40E-14E008EF318F}.Release|Any CPU.Build.0 = Release|Any CPU
	EndGlobalSection
	GlobalSection(SolutionProperties) = preSolution
		HideSolutionNode = FALSE
	EndGlobalSection
EndGlobal
